// !$*UTF8*$!
{
	archiveVersion = 1;
	classes = {
	};
	objectVersion = 56;
	objects = {

/* Begin PBXBuildFile section */
		BE26C9FC2A86DCD900341E1B /* UIView+Extension.swift in Sources */ = {isa = PBXBuildFile; fileRef = BE26C9FB2A86DCD900341E1B /* UIView+Extension.swift */; };
		BE26C9FE2A87488900341E1B /* AmountView.swift in Sources */ = {isa = PBXBuildFile; fileRef = BE26C9FD2A87488900341E1B /* AmountView.swift */; };
		BE6063AE2A856C0400F9589A /* UIColor+Extension.swift in Sources */ = {isa = PBXBuildFile; fileRef = BE6063AD2A856C0400F9589A /* UIColor+Extension.swift */; };
		BE6063B02A856E0700F9589A /* ThemeFont.swift in Sources */ = {isa = PBXBuildFile; fileRef = BE6063AF2A856E0700F9589A /* ThemeFont.swift */; };
		BE6063B32A85722300F9589A /* LabelFactory.swift in Sources */ = {isa = PBXBuildFile; fileRef = BE6063B22A85722300F9589A /* LabelFactory.swift */; };
		BE639B3B2A8559F800141440 /* AppDelegate.swift in Sources */ = {isa = PBXBuildFile; fileRef = BE639B3A2A8559F800141440 /* AppDelegate.swift */; };
		BE639B3F2A8559F800141440 /* CalculatorVC.swift in Sources */ = {isa = PBXBuildFile; fileRef = BE639B3E2A8559F800141440 /* CalculatorVC.swift */; };
		BE639B442A8559FD00141440 /* Assets.xcassets in Resources */ = {isa = PBXBuildFile; fileRef = BE639B432A8559FD00141440 /* Assets.xcassets */; };
		BE639B472A8559FD00141440 /* LaunchScreen.storyboard in Resources */ = {isa = PBXBuildFile; fileRef = BE639B452A8559FD00141440 /* LaunchScreen.storyboard */; };
		BE639B522A8559FE00141440 /* TipCalcTests.swift in Sources */ = {isa = PBXBuildFile; fileRef = BE639B512A8559FE00141440 /* TipCalcTests.swift */; };
		BE639B5C2A8559FE00141440 /* TipCalcUITests.swift in Sources */ = {isa = PBXBuildFile; fileRef = BE639B5B2A8559FE00141440 /* TipCalcUITests.swift */; };
		BE639B5E2A8559FE00141440 /* TipCalcUITestsLaunchTests.swift in Sources */ = {isa = PBXBuildFile; fileRef = BE639B5D2A8559FE00141440 /* TipCalcUITestsLaunchTests.swift */; };
		BE639B6F2A855C8900141440 /* SnapKit in Frameworks */ = {isa = PBXBuildFile; productRef = BE639B6E2A855C8900141440 /* SnapKit */; };
		BE639B752A855D1A00141440 /* SnapshotTesting in Frameworks */ = {isa = PBXBuildFile; productRef = BE639B742A855D1A00141440 /* SnapshotTesting */; };
		BE6DA4F62A856653003C402A /* LogoView.swift in Sources */ = {isa = PBXBuildFile; fileRef = BE6DA4F52A856653003C402A /* LogoView.swift */; };
		BE6DA4F82A8566BC003C402A /* ResultView.swift in Sources */ = {isa = PBXBuildFile; fileRef = BE6DA4F72A8566BC003C402A /* ResultView.swift */; };
		BE6DA4FA2A8566E0003C402A /* BillInputView.swift in Sources */ = {isa = PBXBuildFile; fileRef = BE6DA4F92A8566E0003C402A /* BillInputView.swift */; };
		BE6DA4FC2A856702003C402A /* TipInputView.swift in Sources */ = {isa = PBXBuildFile; fileRef = BE6DA4FB2A856702003C402A /* TipInputView.swift */; };
		BE6DA4FE2A85671C003C402A /* SplitInputView.swift in Sources */ = {isa = PBXBuildFile; fileRef = BE6DA4FD2A85671C003C402A /* SplitInputView.swift */; };
		BE6DA5012A856A97003C402A /* ThemeColor.swift in Sources */ = {isa = PBXBuildFile; fileRef = BE6DA5002A856A97003C402A /* ThemeColor.swift */; };
		BE78414A2A88C09B0015EE9C /* Tip.swift in Sources */ = {isa = PBXBuildFile; fileRef = BE7841492A88C09B0015EE9C /* Tip.swift */; };
		BE78414C2A88C1020015EE9C /* HeaderView.swift in Sources */ = {isa = PBXBuildFile; fileRef = BE78414B2A88C1020015EE9C /* HeaderView.swift */; };
		BE7C52D82A88D34A0079E65A /* CalculatorVM.swift in Sources */ = {isa = PBXBuildFile; fileRef = BE7C52D72A88D34A0079E65A /* CalculatorVM.swift */; };
		BE7C52DA2A88D7B30079E65A /* Result.swift in Sources */ = {isa = PBXBuildFile; fileRef = BE7C52D92A88D7B30079E65A /* Result.swift */; };
		BE92F0C22A91EF7D001F36A0 /* CombineCocoa in Frameworks */ = {isa = PBXBuildFile; productRef = BE92F0C12A91EF7D001F36A0 /* CombineCocoa */; };
		BE92F0C42A91FD3E001F36A0 /* String+Extension.swift in Sources */ = {isa = PBXBuildFile; fileRef = BE92F0C32A91FD3E001F36A0 /* String+Extension.swift */; };
/* End PBXBuildFile section */

/* Begin PBXContainerItemProxy section */
		BE639B4E2A8559FE00141440 /* PBXContainerItemProxy */ = {
			isa = PBXContainerItemProxy;
			containerPortal = BE639B2F2A8559F800141440 /* Project object */;
			proxyType = 1;
			remoteGlobalIDString = BE639B362A8559F800141440;
			remoteInfo = TipCalc;
		};
		BE639B582A8559FE00141440 /* PBXContainerItemProxy */ = {
			isa = PBXContainerItemProxy;
			containerPortal = BE639B2F2A8559F800141440 /* Project object */;
			proxyType = 1;
			remoteGlobalIDString = BE639B362A8559F800141440;
			remoteInfo = TipCalc;
		};
/* End PBXContainerItemProxy section */

/* Begin PBXFileReference section */
		BE26C9FB2A86DCD900341E1B /* UIView+Extension.swift */ = {isa = PBXFileReference; lastKnownFileType = sourcecode.swift; path = "UIView+Extension.swift"; sourceTree = "<group>"; };
		BE26C9FD2A87488900341E1B /* AmountView.swift */ = {isa = PBXFileReference; lastKnownFileType = sourcecode.swift; path = AmountView.swift; sourceTree = "<group>"; };
		BE6063AD2A856C0400F9589A /* UIColor+Extension.swift */ = {isa = PBXFileReference; lastKnownFileType = sourcecode.swift; path = "UIColor+Extension.swift"; sourceTree = "<group>"; };
		BE6063AF2A856E0700F9589A /* ThemeFont.swift */ = {isa = PBXFileReference; lastKnownFileType = sourcecode.swift; path = ThemeFont.swift; sourceTree = "<group>"; };
		BE6063B22A85722300F9589A /* LabelFactory.swift */ = {isa = PBXFileReference; lastKnownFileType = sourcecode.swift; path = LabelFactory.swift; sourceTree = "<group>"; };
		BE639B372A8559F800141440 /* TipCalc.app */ = {isa = PBXFileReference; explicitFileType = wrapper.application; includeInIndex = 0; path = TipCalc.app; sourceTree = BUILT_PRODUCTS_DIR; };
		BE639B3A2A8559F800141440 /* AppDelegate.swift */ = {isa = PBXFileReference; lastKnownFileType = sourcecode.swift; path = AppDelegate.swift; sourceTree = "<group>"; };
		BE639B3E2A8559F800141440 /* CalculatorVC.swift */ = {isa = PBXFileReference; lastKnownFileType = sourcecode.swift; path = CalculatorVC.swift; sourceTree = "<group>"; };
		BE639B432A8559FD00141440 /* Assets.xcassets */ = {isa = PBXFileReference; lastKnownFileType = folder.assetcatalog; path = Assets.xcassets; sourceTree = "<group>"; };
		BE639B462A8559FD00141440 /* Base */ = {isa = PBXFileReference; lastKnownFileType = file.storyboard; name = Base; path = Base.lproj/LaunchScreen.storyboard; sourceTree = "<group>"; };
		BE639B482A8559FD00141440 /* Info.plist */ = {isa = PBXFileReference; lastKnownFileType = text.plist.xml; path = Info.plist; sourceTree = "<group>"; };
		BE639B4D2A8559FE00141440 /* TipCalcTests.xctest */ = {isa = PBXFileReference; explicitFileType = wrapper.cfbundle; includeInIndex = 0; path = TipCalcTests.xctest; sourceTree = BUILT_PRODUCTS_DIR; };
		BE639B512A8559FE00141440 /* TipCalcTests.swift */ = {isa = PBXFileReference; lastKnownFileType = sourcecode.swift; path = TipCalcTests.swift; sourceTree = "<group>"; };
		BE639B572A8559FE00141440 /* TipCalcUITests.xctest */ = {isa = PBXFileReference; explicitFileType = wrapper.cfbundle; includeInIndex = 0; path = TipCalcUITests.xctest; sourceTree = BUILT_PRODUCTS_DIR; };
		BE639B5B2A8559FE00141440 /* TipCalcUITests.swift */ = {isa = PBXFileReference; lastKnownFileType = sourcecode.swift; path = TipCalcUITests.swift; sourceTree = "<group>"; };
		BE639B5D2A8559FE00141440 /* TipCalcUITestsLaunchTests.swift */ = {isa = PBXFileReference; lastKnownFileType = sourcecode.swift; path = TipCalcUITestsLaunchTests.swift; sourceTree = "<group>"; };
		BE6DA4F52A856653003C402A /* LogoView.swift */ = {isa = PBXFileReference; lastKnownFileType = sourcecode.swift; path = LogoView.swift; sourceTree = "<group>"; };
		BE6DA4F72A8566BC003C402A /* ResultView.swift */ = {isa = PBXFileReference; lastKnownFileType = sourcecode.swift; path = ResultView.swift; sourceTree = "<group>"; };
		BE6DA4F92A8566E0003C402A /* BillInputView.swift */ = {isa = PBXFileReference; lastKnownFileType = sourcecode.swift; path = BillInputView.swift; sourceTree = "<group>"; };
		BE6DA4FB2A856702003C402A /* TipInputView.swift */ = {isa = PBXFileReference; lastKnownFileType = sourcecode.swift; path = TipInputView.swift; sourceTree = "<group>"; };
		BE6DA4FD2A85671C003C402A /* SplitInputView.swift */ = {isa = PBXFileReference; lastKnownFileType = sourcecode.swift; path = SplitInputView.swift; sourceTree = "<group>"; };
		BE6DA5002A856A97003C402A /* ThemeColor.swift */ = {isa = PBXFileReference; lastKnownFileType = sourcecode.swift; path = ThemeColor.swift; sourceTree = "<group>"; };
		BE7841492A88C09B0015EE9C /* Tip.swift */ = {isa = PBXFileReference; lastKnownFileType = sourcecode.swift; path = Tip.swift; sourceTree = "<group>"; };
		BE78414B2A88C1020015EE9C /* HeaderView.swift */ = {isa = PBXFileReference; lastKnownFileType = sourcecode.swift; path = HeaderView.swift; sourceTree = "<group>"; };
		BE7C52D72A88D34A0079E65A /* CalculatorVM.swift */ = {isa = PBXFileReference; lastKnownFileType = sourcecode.swift; path = CalculatorVM.swift; sourceTree = "<group>"; };
		BE7C52D92A88D7B30079E65A /* Result.swift */ = {isa = PBXFileReference; lastKnownFileType = sourcecode.swift; path = Result.swift; sourceTree = "<group>"; };
		BE92F0C32A91FD3E001F36A0 /* String+Extension.swift */ = {isa = PBXFileReference; lastKnownFileType = sourcecode.swift; name = "String+Extension.swift"; path = "../../../../../../Downloads/String+Extension.swift"; sourceTree = "<group>"; };
/* End PBXFileReference section */

/* Begin PBXFrameworksBuildPhase section */
		BE639B342A8559F800141440 /* Frameworks */ = {
			isa = PBXFrameworksBuildPhase;
			buildActionMask = 2147483647;
			files = (
				BE92F0C22A91EF7D001F36A0 /* CombineCocoa in Frameworks */,
				BE639B6F2A855C8900141440 /* SnapKit in Frameworks */,
			);
			runOnlyForDeploymentPostprocessing = 0;
		};
		BE639B4A2A8559FE00141440 /* Frameworks */ = {
			isa = PBXFrameworksBuildPhase;
			buildActionMask = 2147483647;
			files = (
				BE639B752A855D1A00141440 /* SnapshotTesting in Frameworks */,
			);
			runOnlyForDeploymentPostprocessing = 0;
		};
		BE639B542A8559FE00141440 /* Frameworks */ = {
			isa = PBXFrameworksBuildPhase;
			buildActionMask = 2147483647;
			files = (
			);
			runOnlyForDeploymentPostprocessing = 0;
		};
/* End PBXFrameworksBuildPhase section */

/* Begin PBXGroup section */
		BE6063B12A85720600F9589A /* Factory */ = {
			isa = PBXGroup;
			children = (
				BE6063B22A85722300F9589A /* LabelFactory.swift */,
			);
			path = Factory;
			sourceTree = "<group>";
		};
		BE639B2E2A8559F800141440 = {
			isa = PBXGroup;
			children = (
				BE639B392A8559F800141440 /* TipCalc */,
				BE639B502A8559FE00141440 /* TipCalcTests */,
				BE639B5A2A8559FE00141440 /* TipCalcUITests */,
				BE639B382A8559F800141440 /* Products */,
				BE639B702A855CC200141440 /* Frameworks */,
			);
			sourceTree = "<group>";
		};
		BE639B382A8559F800141440 /* Products */ = {
			isa = PBXGroup;
			children = (
				BE639B372A8559F800141440 /* TipCalc.app */,
				BE639B4D2A8559FE00141440 /* TipCalcTests.xctest */,
				BE639B572A8559FE00141440 /* TipCalcUITests.xctest */,
			);
			name = Products;
			sourceTree = "<group>";
		};
		BE639B392A8559F800141440 /* TipCalc */ = {
			isa = PBXGroup;
			children = (
				BE7C52D62A88D3170079E65A /* ViewModel */,
				BE7841482A88C0800015EE9C /* Model */,
				BE6063B12A85720600F9589A /* Factory */,
				BE6DA5022A856ABA003C402A /* Extension */,
				BE6DA4FF2A856A86003C402A /* Config */,
				BE6DA4F42A85663E003C402A /* View */,
				BE639B3A2A8559F800141440 /* AppDelegate.swift */,
				BE639B3E2A8559F800141440 /* CalculatorVC.swift */,
				BE639B432A8559FD00141440 /* Assets.xcassets */,
				BE639B452A8559FD00141440 /* LaunchScreen.storyboard */,
				BE639B482A8559FD00141440 /* Info.plist */,
			);
			path = TipCalc;
			sourceTree = "<group>";
		};
		BE639B502A8559FE00141440 /* TipCalcTests */ = {
			isa = PBXGroup;
			children = (
				BE639B512A8559FE00141440 /* TipCalcTests.swift */,
			);
			path = TipCalcTests;
			sourceTree = "<group>";
		};
		BE639B5A2A8559FE00141440 /* TipCalcUITests */ = {
			isa = PBXGroup;
			children = (
				BE639B5B2A8559FE00141440 /* TipCalcUITests.swift */,
				BE639B5D2A8559FE00141440 /* TipCalcUITestsLaunchTests.swift */,
			);
			path = TipCalcUITests;
			sourceTree = "<group>";
		};
		BE639B702A855CC200141440 /* Frameworks */ = {
			isa = PBXGroup;
			children = (
			);
			name = Frameworks;
			sourceTree = "<group>";
		};
		BE6DA4F42A85663E003C402A /* View */ = {
			isa = PBXGroup;
			children = (
				BE6DA4F52A856653003C402A /* LogoView.swift */,
				BE6DA4F72A8566BC003C402A /* ResultView.swift */,
				BE6DA4F92A8566E0003C402A /* BillInputView.swift */,
				BE6DA4FB2A856702003C402A /* TipInputView.swift */,
				BE6DA4FD2A85671C003C402A /* SplitInputView.swift */,
				BE26C9FD2A87488900341E1B /* AmountView.swift */,
				BE78414B2A88C1020015EE9C /* HeaderView.swift */,
			);
			path = View;
			sourceTree = "<group>";
		};
		BE6DA4FF2A856A86003C402A /* Config */ = {
			isa = PBXGroup;
			children = (
				BE6DA5002A856A97003C402A /* ThemeColor.swift */,
				BE6063AF2A856E0700F9589A /* ThemeFont.swift */,
			);
			path = Config;
			sourceTree = "<group>";
		};
		BE6DA5022A856ABA003C402A /* Extension */ = {
			isa = PBXGroup;
			children = (
				BE6063AD2A856C0400F9589A /* UIColor+Extension.swift */,
				BE26C9FB2A86DCD900341E1B /* UIView+Extension.swift */,
				BE92F0C32A91FD3E001F36A0 /* String+Extension.swift */,
			);
			path = Extension;
			sourceTree = "<group>";
		};
		BE7841482A88C0800015EE9C /* Model */ = {
			isa = PBXGroup;
			children = (
				BE7841492A88C09B0015EE9C /* Tip.swift */,
				BE7C52D92A88D7B30079E65A /* Result.swift */,
			);
			path = Model;
			sourceTree = "<group>";
		};
		BE7C52D62A88D3170079E65A /* ViewModel */ = {
			isa = PBXGroup;
			children = (
				BE7C52D72A88D34A0079E65A /* CalculatorVM.swift */,
			);
			path = ViewModel;
			sourceTree = "<group>";
		};
/* End PBXGroup section */

/* Begin PBXNativeTarget section */
		BE639B362A8559F800141440 /* TipCalc */ = {
			isa = PBXNativeTarget;
			buildConfigurationList = BE639B612A8559FE00141440 /* Build configuration list for PBXNativeTarget "TipCalc" */;
			buildPhases = (
				BE639B332A8559F800141440 /* Sources */,
				BE639B342A8559F800141440 /* Frameworks */,
				BE639B352A8559F800141440 /* Resources */,
			);
			buildRules = (
			);
			dependencies = (
			);
			name = TipCalc;
			packageProductDependencies = (
				BE639B6E2A855C8900141440 /* SnapKit */,
				BE92F0C12A91EF7D001F36A0 /* CombineCocoa */,
			);
			productName = TipCalc;
			productReference = BE639B372A8559F800141440 /* TipCalc.app */;
			productType = "com.apple.product-type.application";
		};
		BE639B4C2A8559FE00141440 /* TipCalcTests */ = {
			isa = PBXNativeTarget;
			buildConfigurationList = BE639B642A8559FE00141440 /* Build configuration list for PBXNativeTarget "TipCalcTests" */;
			buildPhases = (
				BE639B492A8559FE00141440 /* Sources */,
				BE639B4A2A8559FE00141440 /* Frameworks */,
				BE639B4B2A8559FE00141440 /* Resources */,
			);
			buildRules = (
			);
			dependencies = (
				BE639B4F2A8559FE00141440 /* PBXTargetDependency */,
			);
			name = TipCalcTests;
			packageProductDependencies = (
				BE639B742A855D1A00141440 /* SnapshotTesting */,
			);
			productName = TipCalcTests;
			productReference = BE639B4D2A8559FE00141440 /* TipCalcTests.xctest */;
			productType = "com.apple.product-type.bundle.unit-test";
		};
		BE639B562A8559FE00141440 /* TipCalcUITests */ = {
			isa = PBXNativeTarget;
			buildConfigurationList = BE639B672A8559FE00141440 /* Build configuration list for PBXNativeTarget "TipCalcUITests" */;
			buildPhases = (
				BE639B532A8559FE00141440 /* Sources */,
				BE639B542A8559FE00141440 /* Frameworks */,
				BE639B552A8559FE00141440 /* Resources */,
			);
			buildRules = (
			);
			dependencies = (
				BE639B592A8559FE00141440 /* PBXTargetDependency */,
			);
			name = TipCalcUITests;
			packageProductDependencies = (
			);
			productName = TipCalcUITests;
			productReference = BE639B572A8559FE00141440 /* TipCalcUITests.xctest */;
			productType = "com.apple.product-type.bundle.ui-testing";
		};
/* End PBXNativeTarget section */

/* Begin PBXProject section */
		BE639B2F2A8559F800141440 /* Project object */ = {
			isa = PBXProject;
			attributes = {
				BuildIndependentTargetsInParallel = 1;
				LastSwiftUpdateCheck = 1420;
				LastUpgradeCheck = 1420;
				TargetAttributes = {
					BE639B362A8559F800141440 = {
						CreatedOnToolsVersion = 14.2;
					};
					BE639B4C2A8559FE00141440 = {
						CreatedOnToolsVersion = 14.2;
						TestTargetID = BE639B362A8559F800141440;
					};
					BE639B562A8559FE00141440 = {
						CreatedOnToolsVersion = 14.2;
						TestTargetID = BE639B362A8559F800141440;
					};
				};
			};
			buildConfigurationList = BE639B322A8559F800141440 /* Build configuration list for PBXProject "TipCalc" */;
			compatibilityVersion = "Xcode 14.0";
			developmentRegion = en;
			hasScannedForEncodings = 0;
			knownRegions = (
				en,
				Base,
			);
			mainGroup = BE639B2E2A8559F800141440;
			packageReferences = (
				BE639B6D2A855C8800141440 /* XCRemoteSwiftPackageReference "SnapKit" */,
				BE639B732A855D1900141440 /* XCRemoteSwiftPackageReference "swift-snapshot-testing" */,
				BE92F0C02A91EF7D001F36A0 /* XCRemoteSwiftPackageReference "CombineCocoa" */,
			);
			productRefGroup = BE639B382A8559F800141440 /* Products */;
			projectDirPath = "";
			projectRoot = "";
			targets = (
				BE639B362A8559F800141440 /* TipCalc */,
				BE639B4C2A8559FE00141440 /* TipCalcTests */,
				BE639B562A8559FE00141440 /* TipCalcUITests */,
			);
		};
/* End PBXProject section */

/* Begin PBXResourcesBuildPhase section */
		BE639B352A8559F800141440 /* Resources */ = {
			isa = PBXResourcesBuildPhase;
			buildActionMask = 2147483647;
			files = (
				BE639B472A8559FD00141440 /* LaunchScreen.storyboard in Resources */,
				BE639B442A8559FD00141440 /* Assets.xcassets in Resources */,
			);
			runOnlyForDeploymentPostprocessing = 0;
		};
		BE639B4B2A8559FE00141440 /* Resources */ = {
			isa = PBXResourcesBuildPhase;
			buildActionMask = 2147483647;
			files = (
			);
			runOnlyForDeploymentPostprocessing = 0;
		};
		BE639B552A8559FE00141440 /* Resources */ = {
			isa = PBXResourcesBuildPhase;
			buildActionMask = 2147483647;
			files = (
			);
			runOnlyForDeploymentPostprocessing = 0;
		};
/* End PBXResourcesBuildPhase section */

/* Begin PBXSourcesBuildPhase section */
		BE639B332A8559F800141440 /* Sources */ = {
			isa = PBXSourcesBuildPhase;
			buildActionMask = 2147483647;
			files = (
				BE6DA4FA2A8566E0003C402A /* BillInputView.swift in Sources */,
				BE6DA4FC2A856702003C402A /* TipInputView.swift in Sources */,
				BE639B3F2A8559F800141440 /* CalculatorVC.swift in Sources */,
				BE78414A2A88C09B0015EE9C /* Tip.swift in Sources */,
				BE6063B32A85722300F9589A /* LabelFactory.swift in Sources */,
				BE6DA4FE2A85671C003C402A /* SplitInputView.swift in Sources */,
				BE26C9FE2A87488900341E1B /* AmountView.swift in Sources */,
				BE6063AE2A856C0400F9589A /* UIColor+Extension.swift in Sources */,
				BE26C9FC2A86DCD900341E1B /* UIView+Extension.swift in Sources */,
				BE6DA4F82A8566BC003C402A /* ResultView.swift in Sources */,
				BE92F0C42A91FD3E001F36A0 /* String+Extension.swift in Sources */,
				BE7C52D82A88D34A0079E65A /* CalculatorVM.swift in Sources */,
				BE78414C2A88C1020015EE9C /* HeaderView.swift in Sources */,
				BE6063B02A856E0700F9589A /* ThemeFont.swift in Sources */,
				BE6DA5012A856A97003C402A /* ThemeColor.swift in Sources */,
				BE7C52DA2A88D7B30079E65A /* Result.swift in Sources */,
				BE6DA4F62A856653003C402A /* LogoView.swift in Sources */,
				BE639B3B2A8559F800141440 /* AppDelegate.swift in Sources */,
			);
			runOnlyForDeploymentPostprocessing = 0;
		};
		BE639B492A8559FE00141440 /* Sources */ = {
			isa = PBXSourcesBuildPhase;
			buildActionMask = 2147483647;
			files = (
				BE639B522A8559FE00141440 /* TipCalcTests.swift in Sources */,
			);
			runOnlyForDeploymentPostprocessing = 0;
		};
		BE639B532A8559FE00141440 /* Sources */ = {
			isa = PBXSourcesBuildPhase;
			buildActionMask = 2147483647;
			files = (
				BE639B5C2A8559FE00141440 /* TipCalcUITests.swift in Sources */,
				BE639B5E2A8559FE00141440 /* TipCalcUITestsLaunchTests.swift in Sources */,
			);
			runOnlyForDeploymentPostprocessing = 0;
		};
/* End PBXSourcesBuildPhase section */

/* Begin PBXTargetDependency section */
		BE639B4F2A8559FE00141440 /* PBXTargetDependency */ = {
			isa = PBXTargetDependency;
			target = BE639B362A8559F800141440 /* TipCalc */;
			targetProxy = BE639B4E2A8559FE00141440 /* PBXContainerItemProxy */;
		};
		BE639B592A8559FE00141440 /* PBXTargetDependency */ = {
			isa = PBXTargetDependency;
			target = BE639B362A8559F800141440 /* TipCalc */;
			targetProxy = BE639B582A8559FE00141440 /* PBXContainerItemProxy */;
		};
/* End PBXTargetDependency section */

/* Begin PBXVariantGroup section */
		BE639B452A8559FD00141440 /* LaunchScreen.storyboard */ = {
			isa = PBXVariantGroup;
			children = (
				BE639B462A8559FD00141440 /* Base */,
			);
			name = LaunchScreen.storyboard;
			sourceTree = "<group>";
		};
/* End PBXVariantGroup section */

/* Begin XCBuildConfiguration section */
		BE639B5F2A8559FE00141440 /* Debug */ = {
			isa = XCBuildConfiguration;
			buildSettings = {
				ALWAYS_SEARCH_USER_PATHS = NO;
				CLANG_ANALYZER_NONNULL = YES;
				CLANG_ANALYZER_NUMBER_OBJECT_CONVERSION = YES_AGGRESSIVE;
				CLANG_CXX_LANGUAGE_STANDARD = "gnu++20";
				CLANG_ENABLE_MODULES = YES;
				CLANG_ENABLE_OBJC_ARC = YES;
				CLANG_ENABLE_OBJC_WEAK = YES;
				CLANG_WARN_BLOCK_CAPTURE_AUTORELEASING = YES;
				CLANG_WARN_BOOL_CONVERSION = YES;
				CLANG_WARN_COMMA = YES;
				CLANG_WARN_CONSTANT_CONVERSION = YES;
				CLANG_WARN_DEPRECATED_OBJC_IMPLEMENTATIONS = YES;
				CLANG_WARN_DIRECT_OBJC_ISA_USAGE = YES_ERROR;
				CLANG_WARN_DOCUMENTATION_COMMENTS = YES;
				CLANG_WARN_EMPTY_BODY = YES;
				CLANG_WARN_ENUM_CONVERSION = YES;
				CLANG_WARN_INFINITE_RECURSION = YES;
				CLANG_WARN_INT_CONVERSION = YES;
				CLANG_WARN_NON_LITERAL_NULL_CONVERSION = YES;
				CLANG_WARN_OBJC_IMPLICIT_RETAIN_SELF = YES;
				CLANG_WARN_OBJC_LITERAL_CONVERSION = YES;
				CLANG_WARN_OBJC_ROOT_CLASS = YES_ERROR;
				CLANG_WARN_QUOTED_INCLUDE_IN_FRAMEWORK_HEADER = YES;
				CLANG_WARN_RANGE_LOOP_ANALYSIS = YES;
				CLANG_WARN_STRICT_PROTOTYPES = YES;
				CLANG_WARN_SUSPICIOUS_MOVE = YES;
				CLANG_WARN_UNGUARDED_AVAILABILITY = YES_AGGRESSIVE;
				CLANG_WARN_UNREACHABLE_CODE = YES;
				CLANG_WARN__DUPLICATE_METHOD_MATCH = YES;
				COPY_PHASE_STRIP = NO;
				DEBUG_INFORMATION_FORMAT = dwarf;
				ENABLE_STRICT_OBJC_MSGSEND = YES;
				ENABLE_TESTABILITY = YES;
				GCC_C_LANGUAGE_STANDARD = gnu11;
				GCC_DYNAMIC_NO_PIC = NO;
				GCC_NO_COMMON_BLOCKS = YES;
				GCC_OPTIMIZATION_LEVEL = 0;
				GCC_PREPROCESSOR_DEFINITIONS = (
					"DEBUG=1",
					"$(inherited)",
				);
				GCC_WARN_64_TO_32_BIT_CONVERSION = YES;
				GCC_WARN_ABOUT_RETURN_TYPE = YES_ERROR;
				GCC_WARN_UNDECLARED_SELECTOR = YES;
				GCC_WARN_UNINITIALIZED_AUTOS = YES_AGGRESSIVE;
				GCC_WARN_UNUSED_FUNCTION = YES;
				GCC_WARN_UNUSED_VARIABLE = YES;
				IPHONEOS_DEPLOYMENT_TARGET = 16.2;
				MTL_ENABLE_DEBUG_INFO = INCLUDE_SOURCE;
				MTL_FAST_MATH = YES;
				ONLY_ACTIVE_ARCH = YES;
				SDKROOT = iphoneos;
				SWIFT_ACTIVE_COMPILATION_CONDITIONS = DEBUG;
				SWIFT_OPTIMIZATION_LEVEL = "-Onone";
			};
			name = Debug;
		};
		BE639B602A8559FE00141440 /* Release */ = {
			isa = XCBuildConfiguration;
			buildSettings = {
				ALWAYS_SEARCH_USER_PATHS = NO;
				CLANG_ANALYZER_NONNULL = YES;
				CLANG_ANALYZER_NUMBER_OBJECT_CONVERSION = YES_AGGRESSIVE;
				CLANG_CXX_LANGUAGE_STANDARD = "gnu++20";
				CLANG_ENABLE_MODULES = YES;
				CLANG_ENABLE_OBJC_ARC = YES;
				CLANG_ENABLE_OBJC_WEAK = YES;
				CLANG_WARN_BLOCK_CAPTURE_AUTORELEASING = YES;
				CLANG_WARN_BOOL_CONVERSION = YES;
				CLANG_WARN_COMMA = YES;
				CLANG_WARN_CONSTANT_CONVERSION = YES;
				CLANG_WARN_DEPRECATED_OBJC_IMPLEMENTATIONS = YES;
				CLANG_WARN_DIRECT_OBJC_ISA_USAGE = YES_ERROR;
				CLANG_WARN_DOCUMENTATION_COMMENTS = YES;
				CLANG_WARN_EMPTY_BODY = YES;
				CLANG_WARN_ENUM_CONVERSION = YES;
				CLANG_WARN_INFINITE_RECURSION = YES;
				CLANG_WARN_INT_CONVERSION = YES;
				CLANG_WARN_NON_LITERAL_NULL_CONVERSION = YES;
				CLANG_WARN_OBJC_IMPLICIT_RETAIN_SELF = YES;
				CLANG_WARN_OBJC_LITERAL_CONVERSION = YES;
				CLANG_WARN_OBJC_ROOT_CLASS = YES_ERROR;
				CLANG_WARN_QUOTED_INCLUDE_IN_FRAMEWORK_HEADER = YES;
				CLANG_WARN_RANGE_LOOP_ANALYSIS = YES;
				CLANG_WARN_STRICT_PROTOTYPES = YES;
				CLANG_WARN_SUSPICIOUS_MOVE = YES;
				CLANG_WARN_UNGUARDED_AVAILABILITY = YES_AGGRESSIVE;
				CLANG_WARN_UNREACHABLE_CODE = YES;
				CLANG_WARN__DUPLICATE_METHOD_MATCH = YES;
				COPY_PHASE_STRIP = NO;
				DEBUG_INFORMATION_FORMAT = "dwarf-with-dsym";
				ENABLE_NS_ASSERTIONS = NO;
				ENABLE_STRICT_OBJC_MSGSEND = YES;
				GCC_C_LANGUAGE_STANDARD = gnu11;
				GCC_NO_COMMON_BLOCKS = YES;
				GCC_WARN_64_TO_32_BIT_CONVERSION = YES;
				GCC_WARN_ABOUT_RETURN_TYPE = YES_ERROR;
				GCC_WARN_UNDECLARED_SELECTOR = YES;
				GCC_WARN_UNINITIALIZED_AUTOS = YES_AGGRESSIVE;
				GCC_WARN_UNUSED_FUNCTION = YES;
				GCC_WARN_UNUSED_VARIABLE = YES;
				IPHONEOS_DEPLOYMENT_TARGET = 16.2;
				MTL_ENABLE_DEBUG_INFO = NO;
				MTL_FAST_MATH = YES;
				SDKROOT = iphoneos;
				SWIFT_COMPILATION_MODE = wholemodule;
				SWIFT_OPTIMIZATION_LEVEL = "-O";
				VALIDATE_PRODUCT = YES;
			};
			name = Release;
		};
		BE639B622A8559FE00141440 /* Debug */ = {
			isa = XCBuildConfiguration;
			buildSettings = {
				ASSETCATALOG_COMPILER_APPICON_NAME = AppIcon;
				ASSETCATALOG_COMPILER_GLOBAL_ACCENT_COLOR_NAME = AccentColor;
				CODE_SIGN_STYLE = Automatic;
				CURRENT_PROJECT_VERSION = 1;
				DEVELOPMENT_TEAM = XW9T242VLK;
				GENERATE_INFOPLIST_FILE = YES;
				INFOPLIST_FILE = TipCalc/Info.plist;
				INFOPLIST_KEY_UIApplicationSupportsIndirectInputEvents = YES;
				INFOPLIST_KEY_UILaunchStoryboardName = LaunchScreen;
				INFOPLIST_KEY_UISupportedInterfaceOrientations = UIInterfaceOrientationPortrait;
				INFOPLIST_KEY_UISupportedInterfaceOrientations_iPad = "UIInterfaceOrientationPortrait UIInterfaceOrientationPortraitUpsideDown";
				LD_RUNPATH_SEARCH_PATHS = (
					"$(inherited)",
					"@executable_path/Frameworks",
				);
				MARKETING_VERSION = 1.0;
				PRODUCT_BUNDLE_IDENTIFIER = com.harungunes.TipCalc;
				PRODUCT_NAME = "$(TARGET_NAME)";
				SWIFT_EMIT_LOC_STRINGS = YES;
				SWIFT_VERSION = 5.0;
				TARGETED_DEVICE_FAMILY = "1,2";
			};
			name = Debug;
		};
		BE639B632A8559FE00141440 /* Release */ = {
			isa = XCBuildConfiguration;
			buildSettings = {
				ASSETCATALOG_COMPILER_APPICON_NAME = AppIcon;
				ASSETCATALOG_COMPILER_GLOBAL_ACCENT_COLOR_NAME = AccentColor;
				CODE_SIGN_STYLE = Automatic;
				CURRENT_PROJECT_VERSION = 1;
				DEVELOPMENT_TEAM = XW9T242VLK;
				GENERATE_INFOPLIST_FILE = YES;
				INFOPLIST_FILE = TipCalc/Info.plist;
				INFOPLIST_KEY_UIApplicationSupportsIndirectInputEvents = YES;
				INFOPLIST_KEY_UILaunchStoryboardName = LaunchScreen;
				INFOPLIST_KEY_UISupportedInterfaceOrientations = UIInterfaceOrientationPortrait;
				INFOPLIST_KEY_UISupportedInterfaceOrientations_iPad = "UIInterfaceOrientationPortrait UIInterfaceOrientationPortraitUpsideDown";
				LD_RUNPATH_SEARCH_PATHS = (
					"$(inherited)",
					"@executable_path/Frameworks",
				);
				MARKETING_VERSION = 1.0;
				PRODUCT_BUNDLE_IDENTIFIER = com.harungunes.TipCalc;
				PRODUCT_NAME = "$(TARGET_NAME)";
				SWIFT_EMIT_LOC_STRINGS = YES;
				SWIFT_VERSION = 5.0;
				TARGETED_DEVICE_FAMILY = "1,2";
			};
			name = Release;
		};
		BE639B652A8559FE00141440 /* Debug */ = {
			isa = XCBuildConfiguration;
			buildSettings = {
				ALWAYS_EMBED_SWIFT_STANDARD_LIBRARIES = YES;
				BUNDLE_LOADER = "$(TEST_HOST)";
				CODE_SIGN_STYLE = Automatic;
				CURRENT_PROJECT_VERSION = 1;
				DEVELOPMENT_TEAM = XW9T242VLK;
				GENERATE_INFOPLIST_FILE = YES;
				IPHONEOS_DEPLOYMENT_TARGET = 16.2;
				MARKETING_VERSION = 1.0;
				PRODUCT_BUNDLE_IDENTIFIER = com.harungunes.TipCalcTests;
				PRODUCT_NAME = "$(TARGET_NAME)";
				SWIFT_EMIT_LOC_STRINGS = NO;
				SWIFT_VERSION = 5.0;
				TARGETED_DEVICE_FAMILY = "1,2";
				TEST_HOST = "$(BUILT_PRODUCTS_DIR)/TipCalc.app/$(BUNDLE_EXECUTABLE_FOLDER_PATH)/TipCalc";
			};
			name = Debug;
		};
		BE639B662A8559FE00141440 /* Release */ = {
			isa = XCBuildConfiguration;
			buildSettings = {
				ALWAYS_EMBED_SWIFT_STANDARD_LIBRARIES = YES;
				BUNDLE_LOADER = "$(TEST_HOST)";
				CODE_SIGN_STYLE = Automatic;
				CURRENT_PROJECT_VERSION = 1;
				DEVELOPMENT_TEAM = XW9T242VLK;
				GENERATE_INFOPLIST_FILE = YES;
				IPHONEOS_DEPLOYMENT_TARGET = 16.2;
				MARKETING_VERSION = 1.0;
				PRODUCT_BUNDLE_IDENTIFIER = com.harungunes.TipCalcTests;
				PRODUCT_NAME = "$(TARGET_NAME)";
				SWIFT_EMIT_LOC_STRINGS = NO;
				SWIFT_VERSION = 5.0;
				TARGETED_DEVICE_FAMILY = "1,2";
				TEST_HOST = "$(BUILT_PRODUCTS_DIR)/TipCalc.app/$(BUNDLE_EXECUTABLE_FOLDER_PATH)/TipCalc";
			};
			name = Release;
		};
		BE639B682A8559FE00141440 /* Debug */ = {
			isa = XCBuildConfiguration;
			buildSettings = {
				ALWAYS_EMBED_SWIFT_STANDARD_LIBRARIES = YES;
				CODE_SIGN_STYLE = Automatic;
				CURRENT_PROJECT_VERSION = 1;
				DEVELOPMENT_TEAM = XW9T242VLK;
				GENERATE_INFOPLIST_FILE = YES;
				MARKETING_VERSION = 1.0;
				PRODUCT_BUNDLE_IDENTIFIER = com.harungunes.TipCalcUITests;
				PRODUCT_NAME = "$(TARGET_NAME)";
				SWIFT_EMIT_LOC_STRINGS = NO;
				SWIFT_VERSION = 5.0;
				TARGETED_DEVICE_FAMILY = "1,2";
				TEST_TARGET_NAME = TipCalc;
			};
			name = Debug;
		};
		BE639B692A8559FE00141440 /* Release */ = {
			isa = XCBuildConfiguration;
			buildSettings = {
				ALWAYS_EMBED_SWIFT_STANDARD_LIBRARIES = YES;
				CODE_SIGN_STYLE = Automatic;
				CURRENT_PROJECT_VERSION = 1;
				DEVELOPMENT_TEAM = XW9T242VLK;
				GENERATE_INFOPLIST_FILE = YES;
				MARKETING_VERSION = 1.0;
				PRODUCT_BUNDLE_IDENTIFIER = com.harungunes.TipCalcUITests;
				PRODUCT_NAME = "$(TARGET_NAME)";
				SWIFT_EMIT_LOC_STRINGS = NO;
				SWIFT_VERSION = 5.0;
				TARGETED_DEVICE_FAMILY = "1,2";
				TEST_TARGET_NAME = TipCalc;
			};
			name = Release;
		};
/* End XCBuildConfiguration section */

/* Begin XCConfigurationList section */
		BE639B322A8559F800141440 /* Build configuration list for PBXProject "TipCalc" */ = {
			isa = XCConfigurationList;
			buildConfigurations = (
				BE639B5F2A8559FE00141440 /* Debug */,
				BE639B602A8559FE00141440 /* Release */,
			);
			defaultConfigurationIsVisible = 0;
			defaultConfigurationName = Release;
		};
		BE639B612A8559FE00141440 /* Build configuration list for PBXNativeTarget "TipCalc" */ = {
			isa = XCConfigurationList;
			buildConfigurations = (
				BE639B622A8559FE00141440 /* Debug */,
				BE639B632A8559FE00141440 /* Release */,
			);
			defaultConfigurationIsVisible = 0;
			defaultConfigurationName = Release;
		};
		BE639B642A8559FE00141440 /* Build configuration list for PBXNativeTarget "TipCalcTests" */ = {
			isa = XCConfigurationList;
			buildConfigurations = (
				BE639B652A8559FE00141440 /* Debug */,
				BE639B662A8559FE00141440 /* Release */,
			);
			defaultConfigurationIsVisible = 0;
			defaultConfigurationName = Release;
		};
		BE639B672A8559FE00141440 /* Build configuration list for PBXNativeTarget "TipCalcUITests" */ = {
			isa = XCConfigurationList;
			buildConfigurations = (
				BE639B682A8559FE00141440 /* Debug */,
				BE639B692A8559FE00141440 /* Release */,
			);
			defaultConfigurationIsVisible = 0;
			defaultConfigurationName = Release;
		};
/* End XCConfigurationList section */

/* Begin XCRemoteSwiftPackageReference section */
		BE639B6D2A855C8800141440 /* XCRemoteSwiftPackageReference "SnapKit" */ = {
			isa = XCRemoteSwiftPackageReference;
			repositoryURL = "https://github.com/SnapKit/SnapKit";
			requirement = {
				kind = upToNextMinorVersion;
				minimumVersion = 5.6.0;
			};
		};
		BE639B732A855D1900141440 /* XCRemoteSwiftPackageReference "swift-snapshot-testing" */ = {
			isa = XCRemoteSwiftPackageReference;
			repositoryURL = "https://github.com/pointfreeco/swift-snapshot-testing";
			requirement = {
				kind = upToNextMinorVersion;
				minimumVersion = 1.9.0;
			};
		};
		BE92F0C02A91EF7D001F36A0 /* XCRemoteSwiftPackageReference "CombineCocoa" */ = {
			isa = XCRemoteSwiftPackageReference;
			repositoryURL = "https://github.com/CombineCommunity/CombineCocoa.git";
			requirement = {
				kind = upToNextMinorVersion;
				minimumVersion = 0.4.1;
			};
		};
/* End XCRemoteSwiftPackageReference section */

/* Begin XCSwiftPackageProductDependency section */
		BE639B6E2A855C8900141440 /* SnapKit */ = {
			isa = XCSwiftPackageProductDependency;
			package = BE639B6D2A855C8800141440 /* XCRemoteSwiftPackageReference "SnapKit" */;
			productName = SnapKit;
		};
		BE639B742A855D1A00141440 /* SnapshotTesting */ = {
			isa = XCSwiftPackageProductDependency;
			package = BE639B732A855D1900141440 /* XCRemoteSwiftPackageReference "swift-snapshot-testing" */;
			productName = SnapshotTesting;
		};
		BE92F0C12A91EF7D001F36A0 /* CombineCocoa */ = {
			isa = XCSwiftPackageProductDependency;
			package = BE92F0C02A91EF7D001F36A0 /* XCRemoteSwiftPackageReference "CombineCocoa" */;
			productName = CombineCocoa;
		};
/* End XCSwiftPackageProductDependency section */
	};
	rootObject = BE639B2F2A8559F800141440 /* Project object */;
}
